{
  "object": {
    "pins": [
      {
        "package": "StarUI",
        "repositoryURL": "https://github.com/Teongyrdza/StarUI",
        "state": {
          "branch": "main",
          "revision": "1f32cbdb1c0e96427cf95f394990a53e952fe523",
          "version": null
        }
      }
    ]
  },
  "version": 1
}
